
Microsoft Visual Studio Solution File, Format Version 12.00
# Visual Studio 15
VisualStudioVersion = 15.0.27004.2006
MinimumVisualStudioVersion = 10.0.40219.1
Project("{FAE04EC0-301F-11D3-BF4B-00C04F79EFBC}") = "UI.Desktop", "UI.Desktop\UI.Desktop.csproj", "{56D37FA1-EC91-4C7F-85C5-7EF915AD43A5}"
EndProject
Project("{FAE04EC0-301F-11D3-BF4B-00C04F79EFBC}") = "Business.Logic", "Negocio\Business.Logic.csproj", "{AA40D74A-F40A-4007-977E-52924BCB485D}"
EndProject
Project("{FAE04EC0-301F-11D3-BF4B-00C04F79EFBC}") = "Util", "Util\Util.csproj", "{2641EF79-75A6-4BB9-ACBA-CAFFEAC8E1EC}"
EndProject
Project("{FAE04EC0-301F-11D3-BF4B-00C04F79EFBC}") = "Business.Entities", "Entidades\Business.Entities.csproj", "{AA43C406-E624-4BC6-B105-FE8D02BCE67C}"
EndProject
Project("{FAE04EC0-301F-11D3-BF4B-00C04F79EFBC}") = "UI.Consola", "UI.Consola\UI.Consola.csproj", "{14FC7372-DE9D-4F5D-BC29-739A763D4EA4}"
EndProject
Project("{FAE04EC0-301F-11D3-BF4B-00C04F79EFBC}") = "Data.Database", "Data.Database\Data.Database\Data.Database.csproj", "{18D1C50F-58E0-4D94-B05B-4A95A146E6BB}"
EndProject
Project("{FAE04EC0-301F-11D3-BF4B-00C04F79EFBC}") = "UI.Web", "UI.web\UI.Web.csproj", "{1588DB47-23F0-4344-865F-1613231F45E8}"
EndProject
Global
	GlobalSection(SolutionConfigurationPlatforms) = preSolution
		Debug|Any CPU = Debug|Any CPU
		Release|Any CPU = Release|Any CPU
	EndGlobalSection
	GlobalSection(ProjectConfigurationPlatforms) = postSolution
		{56D37FA1-EC91-4C7F-85C5-7EF915AD43A5}.Debug|Any CPU.ActiveCfg = Debug|Any CPU
		{56D37FA1-EC91-4C7F-85C5-7EF915AD43A5}.Debug|Any CPU.Build.0 = Debug|Any CPU
		{56D37FA1-EC91-4C7F-85C5-7EF915AD43A5}.Release|Any CPU.ActiveCfg = Release|Any CPU
		{56D37FA1-EC91-4C7F-85C5-7EF915AD43A5}.Release|Any CPU.Build.0 = Release|Any CPU
		{AA40D74A-F40A-4007-977E-52924BCB485D}.Debug|Any CPU.ActiveCfg = Debug|Any CPU
		{AA40D74A-F40A-4007-977E-52924BCB485D}.Debug|Any CPU.Build.0 = Debug|Any CPU
		{AA40D74A-F40A-4007-977E-52924BCB485D}.Release|Any CPU.ActiveCfg = Release|Any CPU
		{AA40D74A-F40A-4007-977E-52924BCB485D}.Release|Any CPU.Build.0 = Release|Any CPU
		{2641EF79-75A6-4BB9-ACBA-CAFFEAC8E1EC}.Debug|Any CPU.ActiveCfg = Debug|Any CPU
		{2641EF79-75A6-4BB9-ACBA-CAFFEAC8E1EC}.Debug|Any CPU.Build.0 = Debug|Any CPU
		{2641EF79-75A6-4BB9-ACBA-CAFFEAC8E1EC}.Release|Any CPU.ActiveCfg = Release|Any CPU
		{2641EF79-75A6-4BB9-ACBA-CAFFEAC8E1EC}.Release|Any CPU.Build.0 = Release|Any CPU
		{AA43C406-E624-4BC6-B105-FE8D02BCE67C}.Debug|Any CPU.ActiveCfg = Debug|Any CPU
		{AA43C406-E624-4BC6-B105-FE8D02BCE67C}.Debug|Any CPU.Build.0 = Debug|Any CPU
		{AA43C406-E624-4BC6-B105-FE8D02BCE67C}.Release|Any CPU.ActiveCfg = Release|Any CPU
		{AA43C406-E624-4BC6-B105-FE8D02BCE67C}.Release|Any CPU.Build.0 = Release|Any CPU
		{14FC7372-DE9D-4F5D-BC29-739A763D4EA4}.Debug|Any CPU.ActiveCfg = Debug|Any CPU
		{14FC7372-DE9D-4F5D-BC29-739A763D4EA4}.Debug|Any CPU.Build.0 = Debug|Any CPU
		{14FC7372-DE9D-4F5D-BC29-739A763D4EA4}.Release|Any CPU.ActiveCfg = Release|Any CPU
		{14FC7372-DE9D-4F5D-BC29-739A763D4EA4}.Release|Any CPU.Build.0 = Release|Any CPU
		{18D1C50F-58E0-4D94-B05B-4A95A146E6BB}.Debug|Any CPU.ActiveCfg = Debug|Any CPU
		{18D1C50F-58E0-4D94-B05B-4A95A146E6BB}.Debug|Any CPU.Build.0 = Debug|Any CPU
		{18D1C50F-58E0-4D94-B05B-4A95A146E6BB}.Release|Any CPU.ActiveCfg = Release|Any CPU
		{18D1C50F-58E0-4D94-B05B-4A95A146E6BB}.Release|Any CPU.Build.0 = Release|Any CPU
		{1588DB47-23F0-4344-865F-1613231F45E8}.Debug|Any CPU.ActiveCfg = Debug|Any CPU
		{1588DB47-23F0-4344-865F-1613231F45E8}.Debug|Any CPU.Build.0 = Debug|Any CPU
		{1588DB47-23F0-4344-865F-1613231F45E8}.Release|Any CPU.ActiveCfg = Release|Any CPU
		{1588DB47-23F0-4344-865F-1613231F45E8}.Release|Any CPU.Build.0 = Release|Any CPU
	EndGlobalSection
	GlobalSection(SolutionProperties) = preSolution
		HideSolutionNode = FALSE
	EndGlobalSection
	GlobalSection(ExtensibilityGlobals) = postSolution
		SolutionGuid = {CA72A923-2F0A-4410-B8BA-A6244809F0E1}
	EndGlobalSection
EndGlobal
